github.com/CaiJimmy/hugo-theme-stack v2.6.0+incompatible h1:HOf88geWucQwmTmNCFgHNidVTXjv9jLz3UA72gyFQTE=
github.com/CaiJimmy/hugo-theme-stack v2.6.0+incompatible/go.mod h1:Tacngkxf7u2kfufDzxoX7yqktykqc/Vi1LwJOHGE6Nw=
github.com/adityatelange/hugo-PaperMod v0.0.0-20220903105945-3a0a4811cbc0 h1:jOgM4X1Y/Uxg7ncBtucLpnneEg+6yUK+jAKS3HUQYZk=
github.com/adityatelange/hugo-PaperMod v0.0.0-20220903105945-3a0a4811cbc0/go.mod h1:HCHxNMKYdGafUYjVV3ICiAqznZK2yH0iI53jqcDFDdQ=
